
Microsoft Visual Studio Solution File, Format Version 12.00
# Visual Studio Version 16
VisualStudioVersion = 16.0.31515.178
MinimumVisualStudioVersion = 10.0.40219.1
Project("{FAE04EC0-301F-11D3-BF4B-00C04F79EFBC}") = "thecruds", "thecruds.csproj", "{D32979D6-63D1-488D-A92C-BBC24909521B}"
EndProject
Global
	GlobalSection(SolutionConfigurationPlatforms) = preSolution
		Debug|Any CPU = Debug|Any CPU
		Release|Any CPU = Release|Any CPU
	EndGlobalSection
	GlobalSection(ProjectConfigurationPlatforms) = postSolution
		{D32979D6-63D1-488D-A92C-BBC24909521B}.Debug|Any CPU.ActiveCfg = Debug|Any CPU
		{D32979D6-63D1-488D-A92C-BBC24909521B}.Debug|Any CPU.Build.0 = Debug|Any CPU
		{D32979D6-63D1-488D-A92C-BBC24909521B}.Release|Any CPU.ActiveCfg = Release|Any CPU
		{D32979D6-63D1-488D-A92C-BBC24909521B}.Release|Any CPU.Build.0 = Release|Any CPU
	EndGlobalSection
	GlobalSection(SolutionProperties) = preSolution
		HideSolutionNode = FALSE
	EndGlobalSection
	GlobalSection(ExtensibilityGlobals) = postSolution
		SolutionGuid = {5B4ADC00-C5C1-466B-876B-48A0647D1F39}
	EndGlobalSection
EndGlobal
